
Microsoft Visual Studio Solution File, Format Version 12.00
# Visual Studio Version 16
VisualStudioVersion = 16.0.32929.386
MinimumVisualStudioVersion = 10.0.40219.1
Project("{FAE04EC0-301F-11D3-BF4B-00C04F79EFBC}") = "WpfApp1", "WpfApp1\WpfApp1.csproj", "{D8FD7185-B3F6-4273-BB86-25A93A5BB62A}"
EndProject
Global
	GlobalSection(SolutionConfigurationPlatforms) = preSolution
		Debug|Any CPU = Debug|Any CPU
		Release|Any CPU = Release|Any CPU
	EndGlobalSection
	GlobalSection(ProjectConfigurationPlatforms) = postSolution
		{D8FD7185-B3F6-4273-BB86-25A93A5BB62A}.Debug|Any CPU.ActiveCfg = Debug|Any CPU
		{D8FD7185-B3F6-4273-BB86-25A93A5BB62A}.Debug|Any CPU.Build.0 = Debug|Any CPU
		{D8FD7185-B3F6-4273-BB86-25A93A5BB62A}.Release|Any CPU.ActiveCfg = Release|Any CPU
		{D8FD7185-B3F6-4273-BB86-25A93A5BB62A}.Release|Any CPU.Build.0 = Release|Any CPU
	EndGlobalSection
	GlobalSection(SolutionProperties) = preSolution
		HideSolutionNode = FALSE
	EndGlobalSection
	GlobalSection(ExtensibilityGlobals) = postSolution
		SolutionGuid = {0E217A47-152D-4AE7-BD30-34A5D390ED1A}
	EndGlobalSection
EndGlobal
